{
  "name": "architecture",
  "version": "1.0.0",
  "lockfileVersion": 3,
  "requires": true,
  "packages": {
    "": {
      "name": "architecture",
      "version": "1.0.0",
      "license": "ISC",
      "devDependencies": {
        "@likec4/cli": "^0.40.0"
      }
    },
    "node_modules/@likec4/cli": {
      "version": "0.40.0",
      "resolved": "https://registry.npmjs.org/@likec4/cli/-/cli-0.40.0.tgz",
      "integrity": "sha512-ITKetrNrGUkJ1ZSauk8Goj89Mn5+riU91K1ZFWRnLMB3fvPX8i7xf6Vvqms1g/vAWf3blRvtk5iuzFDKmM+1Og==",
      "deprecated": "Package no longer supported. Contact Support at https://www.npmjs.com/support for more info.",
      "dev": true,
      "license": "MIT",
      "bin": {
        "likec4": "bin/likec4"
      },
      "engines": {
        "node": ">=16"
      }
    }
  }
}
